PODS:
  - Alertable (0.1.1)
  - Backgroundable (0.2.2)
  - Defines (0.3.0)
  - Permissionable (0.2.1):
    - Alertable
    - Backgroundable
    - Defines
    - Permissionable/Camera (= 0.2.1)
    - Permissionable/Photos (= 0.2.1)
  - Permissionable/Camera (0.2.1):
    - Alertable
    - Backgroundable
    - Defines
  - Permissionable/Photos (0.2.1):
    - Alertable
    - Backgroundable
    - Defines

DEPENDENCIES:
  - Permissionable (from `../`)

EXTERNAL SOURCES:
  Permissionable:
    :path: "../"

SPEC CHECKSUMS:
  Alertable: 0159596b5b8fb03f958898ddbe944447c0f156aa
  Backgroundable: 58eb850598aa4aa0d6da564246c28da955730d4e
  Defines: 43b157f1abcba4e5f1e9b522cf49be5e44d90be0
  Permissionable: d552d807080b7a097300abacc0108385b0826df6

COCOAPODS: 0.39.0
